
Microsoft Visual Studio Solution File, Format Version 12.00
# Visual Studio 15
VisualStudioVersion = 15.0.27130.0
MinimumVisualStudioVersion = 10.0.40219.1
Project("{FAE04EC0-301F-11D3-BF4B-00C04F79EFBC}") = "WebPPC", "WebPPC\WebPPC.csproj", "{070A0883-7119-4085-B9B2-6359A29A2083}"
EndProject
Project("{FAE04EC0-301F-11D3-BF4B-00C04F79EFBC}") = "WebPPC.AcceptanceTests", "WebPPC.AcceptanceTests\WebPPC.AcceptanceTests.csproj", "{0CE37369-4EBD-4060-9377-F101C8FBC1EE}"
EndProject
Project("{FAE04EC0-301F-11D3-BF4B-00C04F79EFBC}") = "WebPPC.AcceptanceTests.Common", "WebPPC.AcceptanceTests.Common\WebPPC.AcceptanceTests.Common.csproj", "{BD6F387D-7297-42CF-AA24-07A7B8C5265B}"
EndProject
Project("{FAE04EC0-301F-11D3-BF4B-00C04F79EFBC}") = "WebPPC.UITests.Selenium", "WebPPC.UITests.Selenium\WebPPC.UITests.Selenium.csproj", "{64A8F989-16CC-4E12-AF69-8B04AB8502BD}"
EndProject
Project("{FAE04EC0-301F-11D3-BF4B-00C04F79EFBC}") = "WebPPC.UnitTests", "WebPPC.UnitTests\WebPPC.UnitTests.csproj", "{517AC50D-DBD0-4F26-9857-3E01DE551CCD}"
EndProject
Global
	GlobalSection(SolutionConfigurationPlatforms) = preSolution
		Debug|Any CPU = Debug|Any CPU
		Release|Any CPU = Release|Any CPU
	EndGlobalSection
	GlobalSection(ProjectConfigurationPlatforms) = postSolution
		{070A0883-7119-4085-B9B2-6359A29A2083}.Debug|Any CPU.ActiveCfg = Debug|Any CPU
		{070A0883-7119-4085-B9B2-6359A29A2083}.Debug|Any CPU.Build.0 = Debug|Any CPU
		{070A0883-7119-4085-B9B2-6359A29A2083}.Release|Any CPU.ActiveCfg = Release|Any CPU
		{070A0883-7119-4085-B9B2-6359A29A2083}.Release|Any CPU.Build.0 = Release|Any CPU
		{0CE37369-4EBD-4060-9377-F101C8FBC1EE}.Debug|Any CPU.ActiveCfg = Debug|Any CPU
		{0CE37369-4EBD-4060-9377-F101C8FBC1EE}.Debug|Any CPU.Build.0 = Debug|Any CPU
		{0CE37369-4EBD-4060-9377-F101C8FBC1EE}.Release|Any CPU.ActiveCfg = Release|Any CPU
		{0CE37369-4EBD-4060-9377-F101C8FBC1EE}.Release|Any CPU.Build.0 = Release|Any CPU
		{BD6F387D-7297-42CF-AA24-07A7B8C5265B}.Debug|Any CPU.ActiveCfg = Debug|Any CPU
		{BD6F387D-7297-42CF-AA24-07A7B8C5265B}.Debug|Any CPU.Build.0 = Debug|Any CPU
		{BD6F387D-7297-42CF-AA24-07A7B8C5265B}.Release|Any CPU.ActiveCfg = Release|Any CPU
		{BD6F387D-7297-42CF-AA24-07A7B8C5265B}.Release|Any CPU.Build.0 = Release|Any CPU
		{64A8F989-16CC-4E12-AF69-8B04AB8502BD}.Debug|Any CPU.ActiveCfg = Debug|Any CPU
		{64A8F989-16CC-4E12-AF69-8B04AB8502BD}.Debug|Any CPU.Build.0 = Debug|Any CPU
		{64A8F989-16CC-4E12-AF69-8B04AB8502BD}.Release|Any CPU.ActiveCfg = Release|Any CPU
		{64A8F989-16CC-4E12-AF69-8B04AB8502BD}.Release|Any CPU.Build.0 = Release|Any CPU
		{517AC50D-DBD0-4F26-9857-3E01DE551CCD}.Debug|Any CPU.ActiveCfg = Debug|Any CPU
		{517AC50D-DBD0-4F26-9857-3E01DE551CCD}.Debug|Any CPU.Build.0 = Debug|Any CPU
		{517AC50D-DBD0-4F26-9857-3E01DE551CCD}.Release|Any CPU.ActiveCfg = Release|Any CPU
		{517AC50D-DBD0-4F26-9857-3E01DE551CCD}.Release|Any CPU.Build.0 = Release|Any CPU
	EndGlobalSection
	GlobalSection(SolutionProperties) = preSolution
		HideSolutionNode = FALSE
	EndGlobalSection
	GlobalSection(ExtensibilityGlobals) = postSolution
		SolutionGuid = {786DDD02-8B6E-449D-A615-2A65DF1956FD}
	EndGlobalSection
EndGlobal
