
Microsoft Visual Studio Solution File, Format Version 12.00
# Visual Studio 15
VisualStudioVersion = 15.0.27004.2008
MinimumVisualStudioVersion = 10.0.40219.1
Project("{FAE04EC0-301F-11D3-BF4B-00C04F79EFBC}") = "WebPPC", "WebPPC\WebPPC.csproj", "{070A0883-7119-4085-B9B2-6359A29A2083}"
EndProject
Project("{FAE04EC0-301F-11D3-BF4B-00C04F79EFBC}") = "WebPPC.AcceptanceTests", "WebPPC.AcceptanceTest\WebPPC.AcceptanceTests.csproj", "{9B11087C-26BA-4260-9E3D-A1D33C9B4376}"
EndProject
Project("{FAE04EC0-301F-11D3-BF4B-00C04F79EFBC}") = "WebPPC.AcceptanceTests.Common", "WebPPC.AcceptanceTest.Common\WebPPC.AcceptanceTests.Common.csproj", "{584DC7F3-E569-4FCE-899D-03711DBE5B91}"
EndProject
Project("{FAE04EC0-301F-11D3-BF4B-00C04F79EFBC}") = "WebPPC.UITests.Selenium", "WebPPC.UITest.Selenium\WebPPC.UITests.Selenium.csproj", "{A75A353B-9820-4568-8B07-CF93C2B0CBC2}"
EndProject
Project("{FAE04EC0-301F-11D3-BF4B-00C04F79EFBC}") = "WebPPC.UnitTests", "WebPPC.UnitTest\WebPPC.UnitTests.csproj", "{1DBEEB71-64B7-4651-85F0-CE538F0C7DC5}"
EndProject
Global
	GlobalSection(SolutionConfigurationPlatforms) = preSolution
		Debug|Any CPU = Debug|Any CPU
		Release|Any CPU = Release|Any CPU
	EndGlobalSection
	GlobalSection(ProjectConfigurationPlatforms) = postSolution
		{070A0883-7119-4085-B9B2-6359A29A2083}.Debug|Any CPU.ActiveCfg = Debug|Any CPU
		{070A0883-7119-4085-B9B2-6359A29A2083}.Debug|Any CPU.Build.0 = Debug|Any CPU
		{070A0883-7119-4085-B9B2-6359A29A2083}.Release|Any CPU.ActiveCfg = Release|Any CPU
		{070A0883-7119-4085-B9B2-6359A29A2083}.Release|Any CPU.Build.0 = Release|Any CPU
		{9B11087C-26BA-4260-9E3D-A1D33C9B4376}.Debug|Any CPU.ActiveCfg = Debug|Any CPU
		{9B11087C-26BA-4260-9E3D-A1D33C9B4376}.Debug|Any CPU.Build.0 = Debug|Any CPU
		{9B11087C-26BA-4260-9E3D-A1D33C9B4376}.Release|Any CPU.ActiveCfg = Release|Any CPU
		{9B11087C-26BA-4260-9E3D-A1D33C9B4376}.Release|Any CPU.Build.0 = Release|Any CPU
		{584DC7F3-E569-4FCE-899D-03711DBE5B91}.Debug|Any CPU.ActiveCfg = Debug|Any CPU
		{584DC7F3-E569-4FCE-899D-03711DBE5B91}.Debug|Any CPU.Build.0 = Debug|Any CPU
		{584DC7F3-E569-4FCE-899D-03711DBE5B91}.Release|Any CPU.ActiveCfg = Release|Any CPU
		{584DC7F3-E569-4FCE-899D-03711DBE5B91}.Release|Any CPU.Build.0 = Release|Any CPU
		{A75A353B-9820-4568-8B07-CF93C2B0CBC2}.Debug|Any CPU.ActiveCfg = Debug|Any CPU
		{A75A353B-9820-4568-8B07-CF93C2B0CBC2}.Debug|Any CPU.Build.0 = Debug|Any CPU
		{A75A353B-9820-4568-8B07-CF93C2B0CBC2}.Release|Any CPU.ActiveCfg = Release|Any CPU
		{A75A353B-9820-4568-8B07-CF93C2B0CBC2}.Release|Any CPU.Build.0 = Release|Any CPU
		{1DBEEB71-64B7-4651-85F0-CE538F0C7DC5}.Debug|Any CPU.ActiveCfg = Debug|Any CPU
		{1DBEEB71-64B7-4651-85F0-CE538F0C7DC5}.Debug|Any CPU.Build.0 = Debug|Any CPU
		{1DBEEB71-64B7-4651-85F0-CE538F0C7DC5}.Release|Any CPU.ActiveCfg = Release|Any CPU
		{1DBEEB71-64B7-4651-85F0-CE538F0C7DC5}.Release|Any CPU.Build.0 = Release|Any CPU
	EndGlobalSection
	GlobalSection(SolutionProperties) = preSolution
		HideSolutionNode = FALSE
	EndGlobalSection
	GlobalSection(ExtensibilityGlobals) = postSolution
		SolutionGuid = {786DDD02-8B6E-449D-A615-2A65DF1956FD}
	EndGlobalSection
EndGlobal
